
Microsoft Visual Studio Solution File, Format Version 12.00
# Visual Studio 14
VisualStudioVersion = 14.0.24720.0
MinimumVisualStudioVersion = 10.0.40219.1
Project("{FAE04EC0-301F-11D3-BF4B-00C04F79EFBC}") = "Game", "Game\Game.csproj", "{C5E2A132-C0FF-40EE-B429-41CD98ADDF4B}"
EndProject
Project("{FAE04EC0-301F-11D3-BF4B-00C04F79EFBC}") = "sdl2", "sdl2\sdl2.csproj", "{434126FF-0089-4894-973B-F671091A8F6C}"
EndProject
Global
	GlobalSection(SolutionConfigurationPlatforms) = preSolution
		Debug|Any CPU = Debug|Any CPU
		Debug|x64 = Debug|x64
		Release|Any CPU = Release|Any CPU
		Release|x64 = Release|x64
	EndGlobalSection
	GlobalSection(ProjectConfigurationPlatforms) = postSolution
		{C5E2A132-C0FF-40EE-B429-41CD98ADDF4B}.Debug|Any CPU.ActiveCfg = Debug|Any CPU
		{C5E2A132-C0FF-40EE-B429-41CD98ADDF4B}.Debug|Any CPU.Build.0 = Debug|Any CPU
		{C5E2A132-C0FF-40EE-B429-41CD98ADDF4B}.Debug|x64.ActiveCfg = Debug|x64
		{C5E2A132-C0FF-40EE-B429-41CD98ADDF4B}.Debug|x64.Build.0 = Debug|x64
		{C5E2A132-C0FF-40EE-B429-41CD98ADDF4B}.Release|Any CPU.ActiveCfg = Release|Any CPU
		{C5E2A132-C0FF-40EE-B429-41CD98ADDF4B}.Release|Any CPU.Build.0 = Release|Any CPU
		{C5E2A132-C0FF-40EE-B429-41CD98ADDF4B}.Release|x64.ActiveCfg = Release|x64
		{C5E2A132-C0FF-40EE-B429-41CD98ADDF4B}.Release|x64.Build.0 = Release|x64
		{434126FF-0089-4894-973B-F671091A8F6C}.Debug|Any CPU.ActiveCfg = Debug|Any CPU
		{434126FF-0089-4894-973B-F671091A8F6C}.Debug|Any CPU.Build.0 = Debug|Any CPU
		{434126FF-0089-4894-973B-F671091A8F6C}.Debug|x64.ActiveCfg = Debug|x64
		{434126FF-0089-4894-973B-F671091A8F6C}.Debug|x64.Build.0 = Debug|x64
		{434126FF-0089-4894-973B-F671091A8F6C}.Release|Any CPU.ActiveCfg = Release|Any CPU
		{434126FF-0089-4894-973B-F671091A8F6C}.Release|Any CPU.Build.0 = Release|Any CPU
		{434126FF-0089-4894-973B-F671091A8F6C}.Release|x64.ActiveCfg = Release|x64
		{434126FF-0089-4894-973B-F671091A8F6C}.Release|x64.Build.0 = Release|x64
	EndGlobalSection
	GlobalSection(SolutionProperties) = preSolution
		HideSolutionNode = FALSE
	EndGlobalSection
	GlobalSection(MonoDevelopProperties) = preSolution
		Policies = $0
		$0.DotNetNamingPolicy = $1
		$1.DirectoryNamespaceAssociation = None
		$1.ResourceNamePolicy = FileFormatDefault
		$0.StandardHeader = $2
		$2.Text = Copyright ${Year} ${CopyrightHolder}
		$2.IncludeInNewFiles = True
		$0.NameConventionPolicy = $3
		$3.Rules = $4
		$4.NamingRule = $5
		$5.AffectedEntity = None
		$5.VisibilityMask = VisibilityMask
		$5.NamingStyle = None
		$5.IncludeInstanceMembers = True
		$5.IncludeStaticEntities = True
	EndGlobalSection
EndGlobal
